
Microsoft Visual Studio Solution File, Format Version 12.00
# Visual Studio Version 17
VisualStudioVersion = 17.4.33213.308
MinimumVisualStudioVersion = 10.0.40219.1
Project("{FAE04EC0-301F-11D3-BF4B-00C04F79EFBC}") = "TheCrewPlugin", "Plugins\TheCrewPlugin\TheCrewPlugin.csproj", "{693E177B-95EC-441A-86FB-AF1F078F3EA1}"
EndProject
Project("{FAE04EC0-301F-11D3-BF4B-00C04F79EFBC}") = "TheCrew2Plugin", "Plugins\TheCrew2Plugin\TheCrew2Plugin.csproj", "{E8B84654-CBF9-4ECA-AA32-628E5E20CBDC}"
EndProject
Project("{FAE04EC0-301F-11D3-BF4B-00C04F79EFBC}") = "RedOutPlugin", "Plugins\RedOutPlugin\RedOutPlugin.csproj", "{2343B7ED-E917-4FF8-823E-35A0AF259635}"
EndProject
Project("{FAE04EC0-301F-11D3-BF4B-00C04F79EFBC}") = "GT7Plugin", "Plugins\GT7Plugin\GT7Plugin.csproj", "{95D3D9BE-488A-4123-A781-452A96BDC8B2}"
EndProject
Project("{FAE04EC0-301F-11D3-BF4B-00C04F79EFBC}") = "OverloadPlugin", "OverloadPlugin\OverloadPlugin.csproj", "{A3CC01F7-9AA4-4E93-8F79-5A7B10E98ABE}"
EndProject
Project("{2150E333-8FDC-42A3-9474-1A3956D46DE8}") = "PDTools", "PDTools", "{DAD948CE-CDF8-4EEF-A5DA-C26F29CD5383}"
EndProject
Project("{9A19103F-16F7-4668-BE54-9A1E7A4F7556}") = "PDTools.SimulatorInterface", "external\PDTools\PDTools.SimulatorInterface\PDTools.SimulatorInterface.csproj", "{90932698-9263-4457-B0DE-72A095E84F14}"
EndProject
Project("{9A19103F-16F7-4668-BE54-9A1E7A4F7556}") = "PDTools.SimulatorInterfaceTestTool", "external\PDTools\PDTools.SimulatorInterfaceTestTool\PDTools.SimulatorInterfaceTestTool.csproj", "{23628FAD-FEA3-40FF-BF3F-F8C816CA24BE}"
EndProject
Project("{9A19103F-16F7-4668-BE54-9A1E7A4F7556}") = "PDTools.Hashing", "external\PDTools\PDTools.Hashing\PDTools.Hashing.csproj", "{BC548AC0-A4B4-48B9-9FF6-6B592524F46A}"
EndProject
Project("{9A19103F-16F7-4668-BE54-9A1E7A4F7556}") = "PDTools.Crypto", "external\PDTools\PDTools.Crypto\PDTools.Crypto.csproj", "{C4977A60-E1EC-4577-92AB-5BBAD2EB80C3}"
EndProject
Project("{2150E333-8FDC-42A3-9474-1A3956D46DE8}") = "externals", "externals", "{B06A2CD3-BFF1-46B3-88E8-BEEBB94C6730}"
EndProject
Project("{2150E333-8FDC-42A3-9474-1A3956D46DE8}") = "Tests", "Tests", "{F909C468-0A6B-4406-8330-99AE9AB07BAD}"
EndProject
Project("{FAE04EC0-301F-11D3-BF4B-00C04F79EFBC}") = "GT7PluginTest", "Tests\GT7PluginTest\GT7PluginTest.csproj", "{1EC80BC5-BF4F-4FA3-A47B-70EC2E2BE0C4}"
EndProject
Global
	GlobalSection(SolutionConfigurationPlatforms) = preSolution
		Debug|Any CPU = Debug|Any CPU
		Release|Any CPU = Release|Any CPU
	EndGlobalSection
	GlobalSection(ProjectConfigurationPlatforms) = postSolution
		{693E177B-95EC-441A-86FB-AF1F078F3EA1}.Debug|Any CPU.ActiveCfg = Debug|Any CPU
		{693E177B-95EC-441A-86FB-AF1F078F3EA1}.Debug|Any CPU.Build.0 = Debug|Any CPU
		{693E177B-95EC-441A-86FB-AF1F078F3EA1}.Release|Any CPU.ActiveCfg = Release|Any CPU
		{693E177B-95EC-441A-86FB-AF1F078F3EA1}.Release|Any CPU.Build.0 = Release|Any CPU
		{E8B84654-CBF9-4ECA-AA32-628E5E20CBDC}.Debug|Any CPU.ActiveCfg = Debug|Any CPU
		{E8B84654-CBF9-4ECA-AA32-628E5E20CBDC}.Debug|Any CPU.Build.0 = Debug|Any CPU
		{E8B84654-CBF9-4ECA-AA32-628E5E20CBDC}.Release|Any CPU.ActiveCfg = Release|Any CPU
		{E8B84654-CBF9-4ECA-AA32-628E5E20CBDC}.Release|Any CPU.Build.0 = Release|Any CPU
		{2343B7ED-E917-4FF8-823E-35A0AF259635}.Debug|Any CPU.ActiveCfg = Debug|Any CPU
		{2343B7ED-E917-4FF8-823E-35A0AF259635}.Debug|Any CPU.Build.0 = Debug|Any CPU
		{2343B7ED-E917-4FF8-823E-35A0AF259635}.Release|Any CPU.ActiveCfg = Release|Any CPU
		{2343B7ED-E917-4FF8-823E-35A0AF259635}.Release|Any CPU.Build.0 = Release|Any CPU
		{95D3D9BE-488A-4123-A781-452A96BDC8B2}.Debug|Any CPU.ActiveCfg = Debug|Any CPU
		{95D3D9BE-488A-4123-A781-452A96BDC8B2}.Debug|Any CPU.Build.0 = Debug|Any CPU
		{95D3D9BE-488A-4123-A781-452A96BDC8B2}.Release|Any CPU.ActiveCfg = Release|Any CPU
		{95D3D9BE-488A-4123-A781-452A96BDC8B2}.Release|Any CPU.Build.0 = Release|Any CPU
		{90932698-9263-4457-B0DE-72A095E84F14}.Debug|Any CPU.ActiveCfg = Debug|Any CPU
		{90932698-9263-4457-B0DE-72A095E84F14}.Debug|Any CPU.Build.0 = Debug|Any CPU
		{90932698-9263-4457-B0DE-72A095E84F14}.Release|Any CPU.ActiveCfg = Release|Any CPU
		{90932698-9263-4457-B0DE-72A095E84F14}.Release|Any CPU.Build.0 = Release|Any CPU
		{23628FAD-FEA3-40FF-BF3F-F8C816CA24BE}.Debug|Any CPU.ActiveCfg = Debug|Any CPU
		{23628FAD-FEA3-40FF-BF3F-F8C816CA24BE}.Debug|Any CPU.Build.0 = Debug|Any CPU
		{23628FAD-FEA3-40FF-BF3F-F8C816CA24BE}.Release|Any CPU.ActiveCfg = Release|Any CPU
		{23628FAD-FEA3-40FF-BF3F-F8C816CA24BE}.Release|Any CPU.Build.0 = Release|Any CPU
		{BC548AC0-A4B4-48B9-9FF6-6B592524F46A}.Debug|Any CPU.ActiveCfg = Debug|Any CPU
		{BC548AC0-A4B4-48B9-9FF6-6B592524F46A}.Debug|Any CPU.Build.0 = Debug|Any CPU
		{BC548AC0-A4B4-48B9-9FF6-6B592524F46A}.Release|Any CPU.ActiveCfg = Release|Any CPU
		{BC548AC0-A4B4-48B9-9FF6-6B592524F46A}.Release|Any CPU.Build.0 = Release|Any CPU
		{C4977A60-E1EC-4577-92AB-5BBAD2EB80C3}.Debug|Any CPU.ActiveCfg = Debug|Any CPU
		{C4977A60-E1EC-4577-92AB-5BBAD2EB80C3}.Debug|Any CPU.Build.0 = Debug|Any CPU
		{C4977A60-E1EC-4577-92AB-5BBAD2EB80C3}.Release|Any CPU.ActiveCfg = Release|Any CPU
		{C4977A60-E1EC-4577-92AB-5BBAD2EB80C3}.Release|Any CPU.Build.0 = Release|Any CPU
		{1EC80BC5-BF4F-4FA3-A47B-70EC2E2BE0C4}.Debug|Any CPU.ActiveCfg = Debug|Any CPU
		{1EC80BC5-BF4F-4FA3-A47B-70EC2E2BE0C4}.Debug|Any CPU.Build.0 = Debug|Any CPU
		{1EC80BC5-BF4F-4FA3-A47B-70EC2E2BE0C4}.Release|Any CPU.ActiveCfg = Release|Any CPU
		{1EC80BC5-BF4F-4FA3-A47B-70EC2E2BE0C4}.Release|Any CPU.Build.0 = Release|Any CPU
	EndGlobalSection
	GlobalSection(SolutionProperties) = preSolution
		HideSolutionNode = FALSE
	EndGlobalSection
	GlobalSection(NestedProjects) = preSolution
		{DAD948CE-CDF8-4EEF-A5DA-C26F29CD5383} = {B06A2CD3-BFF1-46B3-88E8-BEEBB94C6730}
		{90932698-9263-4457-B0DE-72A095E84F14} = {DAD948CE-CDF8-4EEF-A5DA-C26F29CD5383}
		{23628FAD-FEA3-40FF-BF3F-F8C816CA24BE} = {DAD948CE-CDF8-4EEF-A5DA-C26F29CD5383}
		{BC548AC0-A4B4-48B9-9FF6-6B592524F46A} = {DAD948CE-CDF8-4EEF-A5DA-C26F29CD5383}
		{C4977A60-E1EC-4577-92AB-5BBAD2EB80C3} = {DAD948CE-CDF8-4EEF-A5DA-C26F29CD5383}
		{1EC80BC5-BF4F-4FA3-A47B-70EC2E2BE0C4} = {F909C468-0A6B-4406-8330-99AE9AB07BAD}
	EndGlobalSection
	GlobalSection(ExtensibilityGlobals) = postSolution
		SolutionGuid = {2B3C2C25-D147-478D-B7E8-30FA53F7FAC8}
	EndGlobalSection
EndGlobal
